
Microsoft Visual Studio Solution File, Format Version 12.00
Project("{FAE04EC0-301F-11D3-BF4B-00C04F79EFBC}") = "NuhTrainingCSharp", "NuhTrainingCSharp.csproj", "{CE6A81E8-CBAD-478F-99D7-1CBE88C8F168}"
EndProject
Global
	GlobalSection(SolutionConfigurationPlatforms) = preSolution
		Debug|Any CPU = Debug|Any CPU
		Release|Any CPU = Release|Any CPU
	EndGlobalSection
	GlobalSection(ProjectConfigurationPlatforms) = postSolution
		{CE6A81E8-CBAD-478F-99D7-1CBE88C8F168}.Debug|Any CPU.ActiveCfg = Debug|Any CPU
		{CE6A81E8-CBAD-478F-99D7-1CBE88C8F168}.Debug|Any CPU.Build.0 = Debug|Any CPU
		{CE6A81E8-CBAD-478F-99D7-1CBE88C8F168}.Release|Any CPU.ActiveCfg = Release|Any CPU
		{CE6A81E8-CBAD-478F-99D7-1CBE88C8F168}.Release|Any CPU.Build.0 = Release|Any CPU
	EndGlobalSection
EndGlobal
